
Microsoft Visual Studio Solution File, Format Version 12.00
# Visual Studio Version 16
VisualStudioVersion = 16.0.29123.88
MinimumVisualStudioVersion = 10.0.40219.1
Project("{FAE04EC0-301F-11D3-BF4B-00C04F79EFBC}") = "Proto1", "Proto1\Proto1.csproj", "{6E5B9420-B1E5-4825-A420-B72CFDBF3EEB}"
EndProject
Global
	GlobalSection(SolutionConfigurationPlatforms) = preSolution
		Debug|Any CPU = Debug|Any CPU
		Release|Any CPU = Release|Any CPU
	EndGlobalSection
	GlobalSection(ProjectConfigurationPlatforms) = postSolution
		{6E5B9420-B1E5-4825-A420-B72CFDBF3EEB}.Debug|Any CPU.ActiveCfg = Debug|Any CPU
		{6E5B9420-B1E5-4825-A420-B72CFDBF3EEB}.Debug|Any CPU.Build.0 = Debug|Any CPU
		{6E5B9420-B1E5-4825-A420-B72CFDBF3EEB}.Release|Any CPU.ActiveCfg = Release|Any CPU
		{6E5B9420-B1E5-4825-A420-B72CFDBF3EEB}.Release|Any CPU.Build.0 = Release|Any CPU
	EndGlobalSection
	GlobalSection(SolutionProperties) = preSolution
		HideSolutionNode = FALSE
	EndGlobalSection
	GlobalSection(ExtensibilityGlobals) = postSolution
		SolutionGuid = {FEEE57C1-D20F-45DB-B8CC-C97A43780DDD}
	EndGlobalSection
EndGlobal
